{
  "name": "hackaton",
  "version": "1.0.0",
  "lockfileVersion": 1,
  "requires": true,
  "dependencies": {
    "deeks": {
      "version": "2.3.0",
      "resolved": "https://registry.npmjs.org/deeks/-/deeks-2.3.0.tgz",
      "integrity": "sha512-mrNI+TSdnK5s2Gal4Fv3/RGcrYGtB4NC3tTXU1hu74tYsG9JS6SzNKLD8doq6UWsglouGwC86kXqB1pdO+9hyA=="
    },
    "doc-path": {
      "version": "2.3.0",
      "resolved": "https://registry.npmjs.org/doc-path/-/doc-path-2.3.0.tgz",
      "integrity": "sha512-RMZA8AXl0I78jI9odw0kFzOfQvBcCFLI6/ZtOs9PwogcL4DHc+sCUZQ34fkealJyqErJryYODVBOtO2IzU/CSw=="
    },
    "export-to-csv": {
      "version": "0.2.1",
      "resolved": "https://registry.npmjs.org/export-to-csv/-/export-to-csv-0.2.1.tgz",
      "integrity": "sha512-KTbrd3CAZ0cFceJEZr1e5uiMasabeCpXq1/5uvVxDl53o4jXJHnltasQoj2NkzrxD8hU9kdwjnMhoir/7nNx/A=="
    },
    "json-2-csv": {
      "version": "3.10.2",
      "resolved": "https://registry.npmjs.org/json-2-csv/-/json-2-csv-3.10.2.tgz",
      "integrity": "sha512-ebRs6nAM2OcDw9g9hZ3F0DKkUTTy9DnyduF3mWLF0XEImv/Du3GGgyOWBpoqWuZjCWstQvPOKl50Ts/GhfSZOA==",
      "requires": {
        "deeks": "2.3.0",
        "doc-path": "2.3.0"
      }
    },
    "prettier": {
      "version": "2.2.1",
      "resolved": "https://registry.npmjs.org/prettier/-/prettier-2.2.1.tgz",
      "integrity": "sha512-PqyhM2yCjg/oKkFPtTGUojv7gnZAoG80ttl45O6x2Ug/rMJw4wcc9k6aaf2hibP7BGVCCM33gZoGjyvt9mm16Q=="
    }
  }
}
